// !$*UTF8*$!
{
	archiveVersion = 1;
	classes = {
	};
	objectVersion = 50;
	objects = {

/* Begin PBXBuildFile section */
		2437FFE026960BC6004EFBF6 /* SearchViewController.swift in Sources */ = {isa = PBXBuildFile; fileRef = 2437FFDF26960BC6004EFBF6 /* SearchViewController.swift */; };
		2437FFE42696B8E7004EFBF6 /* CustomView.xib in Resources */ = {isa = PBXBuildFile; fileRef = 2437FFE32696B8E7004EFBF6 /* CustomView.xib */; };
		2437FFE62696BA8C004EFBF6 /* CustomView.swift in Sources */ = {isa = PBXBuildFile; fileRef = 2437FFE52696BA8C004EFBF6 /* CustomView.swift */; };
		246E2CBB2692C44700C4F7C2 /* AppDelegate.swift in Sources */ = {isa = PBXBuildFile; fileRef = 246E2CBA2692C44700C4F7C2 /* AppDelegate.swift */; };
		246E2CBD2692C44700C4F7C2 /* SceneDelegate.swift in Sources */ = {isa = PBXBuildFile; fileRef = 246E2CBC2692C44700C4F7C2 /* SceneDelegate.swift */; };
		246E2CBF2692C44700C4F7C2 /* ViewController.swift in Sources */ = {isa = PBXBuildFile; fileRef = 246E2CBE2692C44700C4F7C2 /* ViewController.swift */; };
		246E2CC22692C44700C4F7C2 /* Main.storyboard in Resources */ = {isa = PBXBuildFile; fileRef = 246E2CC02692C44700C4F7C2 /* Main.storyboard */; };
		246E2CC42692C44800C4F7C2 /* Assets.xcassets in Resources */ = {isa = PBXBuildFile; fileRef = 246E2CC32692C44800C4F7C2 /* Assets.xcassets */; };
		246E2CC72692C44800C4F7C2 /* LaunchScreen.storyboard in Resources */ = {isa = PBXBuildFile; fileRef = 246E2CC52692C44800C4F7C2 /* LaunchScreen.storyboard */; };
		246E2CCF2692C49200C4F7C2 /* CustomSegmentedControl.swift in Sources */ = {isa = PBXBuildFile; fileRef = 246E2CCE2692C49200C4F7C2 /* CustomSegmentedControl.swift */; };
		246E2CD22692CB5400C4F7C2 /* BookTableViewCell.swift in Sources */ = {isa = PBXBuildFile; fileRef = 246E2CD02692CB5400C4F7C2 /* BookTableViewCell.swift */; };
		246E2CD32692CB5400C4F7C2 /* BookTableViewCell.xib in Resources */ = {isa = PBXBuildFile; fileRef = 246E2CD12692CB5400C4F7C2 /* BookTableViewCell.xib */; };
		246E2CD52692D9E000C4F7C2 /* Book.swift in Sources */ = {isa = PBXBuildFile; fileRef = 246E2CD42692D9E000C4F7C2 /* Book.swift */; };
		246E2CD72692F44300C4F7C2 /* ReadingBooksView.swift in Sources */ = {isa = PBXBuildFile; fileRef = 246E2CD62692F44300C4F7C2 /* ReadingBooksView.swift */; };
		246E2CD92692F45700C4F7C2 /* LibraryView.swift in Sources */ = {isa = PBXBuildFile; fileRef = 246E2CD82692F45700C4F7C2 /* LibraryView.swift */; };
		246E2CDB2692F46100C4F7C2 /* AllBooksView.swift in Sources */ = {isa = PBXBuildFile; fileRef = 246E2CDA2692F46100C4F7C2 /* AllBooksView.swift */; };
		246E2CE626933FB900C4F7C2 /* LibraryTableViewCell.swift in Sources */ = {isa = PBXBuildFile; fileRef = 246E2CE426933FB900C4F7C2 /* LibraryTableViewCell.swift */; };
		246E2CE726933FB900C4F7C2 /* LibraryTableViewCell.xib in Resources */ = {isa = PBXBuildFile; fileRef = 246E2CE526933FB900C4F7C2 /* LibraryTableViewCell.xib */; };
		246E2CE92693539D00C4F7C2 /* EachLibraryViewController.swift in Sources */ = {isa = PBXBuildFile; fileRef = 246E2CE82693539D00C4F7C2 /* EachLibraryViewController.swift */; };
		246E2CEB2693546000C4F7C2 /* EachLibraryView.swift in Sources */ = {isa = PBXBuildFile; fileRef = 246E2CEA2693546000C4F7C2 /* EachLibraryView.swift */; };
		246E2CF326945A2700C4F7C2 /* ContentViewController.swift in Sources */ = {isa = PBXBuildFile; fileRef = 246E2CF226945A2700C4F7C2 /* ContentViewController.swift */; };
/* End PBXBuildFile section */

/* Begin PBXFileReference section */
		2437FFDF26960BC6004EFBF6 /* SearchViewController.swift */ = {isa = PBXFileReference; lastKnownFileType = sourcecode.swift; path = SearchViewController.swift; sourceTree = "<group>"; };
		2437FFE32696B8E7004EFBF6 /* CustomView.xib */ = {isa = PBXFileReference; lastKnownFileType = file.xib; path = CustomView.xib; sourceTree = "<group>"; };
		2437FFE52696BA8C004EFBF6 /* CustomView.swift */ = {isa = PBXFileReference; lastKnownFileType = sourcecode.swift; path = CustomView.swift; sourceTree = "<group>"; };
		246E2CB72692C44700C4F7C2 /* E-book.app */ = {isa = PBXFileReference; explicitFileType = wrapper.application; includeInIndex = 0; path = "E-book.app"; sourceTree = BUILT_PRODUCTS_DIR; };
		246E2CBA2692C44700C4F7C2 /* AppDelegate.swift */ = {isa = PBXFileReference; lastKnownFileType = sourcecode.swift; path = AppDelegate.swift; sourceTree = "<group>"; };
		246E2CBC2692C44700C4F7C2 /* SceneDelegate.swift */ = {isa = PBXFileReference; lastKnownFileType = sourcecode.swift; path = SceneDelegate.swift; sourceTree = "<group>"; };
		246E2CBE2692C44700C4F7C2 /* ViewController.swift */ = {isa = PBXFileReference; lastKnownFileType = sourcecode.swift; path = ViewController.swift; sourceTree = "<group>"; };
		246E2CC12692C44700C4F7C2 /* Base */ = {isa = PBXFileReference; lastKnownFileType = file.storyboard; name = Base; path = Base.lproj/Main.storyboard; sourceTree = "<group>"; };
		246E2CC32692C44800C4F7C2 /* Assets.xcassets */ = {isa = PBXFileReference; lastKnownFileType = folder.assetcatalog; path = Assets.xcassets; sourceTree = "<group>"; };
		246E2CC62692C44800C4F7C2 /* Base */ = {isa = PBXFileReference; lastKnownFileType = file.storyboard; name = Base; path = Base.lproj/LaunchScreen.storyboard; sourceTree = "<group>"; };
		246E2CC82692C44800C4F7C2 /* Info.plist */ = {isa = PBXFileReference; lastKnownFileType = text.plist.xml; path = Info.plist; sourceTree = "<group>"; };
		246E2CCE2692C49200C4F7C2 /* CustomSegmentedControl.swift */ = {isa = PBXFileReference; lastKnownFileType = sourcecode.swift; path = CustomSegmentedControl.swift; sourceTree = "<group>"; };
		246E2CD02692CB5400C4F7C2 /* BookTableViewCell.swift */ = {isa = PBXFileReference; lastKnownFileType = sourcecode.swift; path = BookTableViewCell.swift; sourceTree = "<group>"; };
		246E2CD12692CB5400C4F7C2 /* BookTableViewCell.xib */ = {isa = PBXFileReference; lastKnownFileType = file.xib; path = BookTableViewCell.xib; sourceTree = "<group>"; };
		246E2CD42692D9E000C4F7C2 /* Book.swift */ = {isa = PBXFileReference; lastKnownFileType = sourcecode.swift; path = Book.swift; sourceTree = "<group>"; };
		246E2CD62692F44300C4F7C2 /* ReadingBooksView.swift */ = {isa = PBXFileReference; lastKnownFileType = sourcecode.swift; path = ReadingBooksView.swift; sourceTree = "<group>"; };
		246E2CD82692F45700C4F7C2 /* LibraryView.swift */ = {isa = PBXFileReference; lastKnownFileType = sourcecode.swift; path = LibraryView.swift; sourceTree = "<group>"; };
		246E2CDA2692F46100C4F7C2 /* AllBooksView.swift */ = {isa = PBXFileReference; lastKnownFileType = sourcecode.swift; path = AllBooksView.swift; sourceTree = "<group>"; };
		246E2CE426933FB900C4F7C2 /* LibraryTableViewCell.swift */ = {isa = PBXFileReference; lastKnownFileType = sourcecode.swift; path = LibraryTableViewCell.swift; sourceTree = "<group>"; };
		246E2CE526933FB900C4F7C2 /* LibraryTableViewCell.xib */ = {isa = PBXFileReference; lastKnownFileType = file.xib; path = LibraryTableViewCell.xib; sourceTree = "<group>"; };
		246E2CE82693539D00C4F7C2 /* EachLibraryViewController.swift */ = {isa = PBXFileReference; lastKnownFileType = sourcecode.swift; path = EachLibraryViewController.swift; sourceTree = "<group>"; };
		246E2CEA2693546000C4F7C2 /* EachLibraryView.swift */ = {isa = PBXFileReference; lastKnownFileType = sourcecode.swift; path = EachLibraryView.swift; sourceTree = "<group>"; };
		246E2CF226945A2700C4F7C2 /* ContentViewController.swift */ = {isa = PBXFileReference; lastKnownFileType = sourcecode.swift; path = ContentViewController.swift; sourceTree = "<group>"; };
/* End PBXFileReference section */

/* Begin PBXFrameworksBuildPhase section */
		246E2CB42692C44700C4F7C2 /* Frameworks */ = {
			isa = PBXFrameworksBuildPhase;
			buildActionMask = 2147483647;
			files = (
			);
			runOnlyForDeploymentPostprocessing = 0;
		};
/* End PBXFrameworksBuildPhase section */

/* Begin PBXGroup section */
		246E2CAE2692C44700C4F7C2 = {
			isa = PBXGroup;
			children = (
				246E2CB92692C44700C4F7C2 /* E-book */,
				246E2CB82692C44700C4F7C2 /* Products */,
			);
			sourceTree = "<group>";
		};
		246E2CB82692C44700C4F7C2 /* Products */ = {
			isa = PBXGroup;
			children = (
				246E2CB72692C44700C4F7C2 /* E-book.app */,
			);
			name = Products;
			sourceTree = "<group>";
		};
		246E2CB92692C44700C4F7C2 /* E-book */ = {
			isa = PBXGroup;
			children = (
				246E2CDC2693343D00C4F7C2 /* Common */,
				246E2CDD2693345200C4F7C2 /* Storyboard */,
				246E2CDF269334B100C4F7C2 /* Module */,
				246E2CC32692C44800C4F7C2 /* Assets.xcassets */,
			);
			path = "E-book";
			sourceTree = "<group>";
		};
		246E2CDC2693343D00C4F7C2 /* Common */ = {
			isa = PBXGroup;
			children = (
				246E2CBA2692C44700C4F7C2 /* AppDelegate.swift */,
				246E2CBC2692C44700C4F7C2 /* SceneDelegate.swift */,
				246E2CC82692C44800C4F7C2 /* Info.plist */,
			);
			path = Common;
			sourceTree = "<group>";
		};
		246E2CDD2693345200C4F7C2 /* Storyboard */ = {
			isa = PBXGroup;
			children = (
				246E2CC02692C44700C4F7C2 /* Main.storyboard */,
				2437FFE32696B8E7004EFBF6 /* CustomView.xib */,
				246E2CC52692C44800C4F7C2 /* LaunchScreen.storyboard */,
			);
			path = Storyboard;
			sourceTree = "<group>";
		};
		246E2CDF269334B100C4F7C2 /* Module */ = {
			isa = PBXGroup;
			children = (
				246E2CE0269334B800C4F7C2 /* Model */,
				246E2CE2269334C800C4F7C2 /* View */,
				246E2CE3269334CD00C4F7C2 /* Controller */,
			);
			path = Module;
			sourceTree = "<group>";
		};
		246E2CE0269334B800C4F7C2 /* Model */ = {
			isa = PBXGroup;
			children = (
				246E2CD42692D9E000C4F7C2 /* Book.swift */,
			);
			path = Model;
			sourceTree = "<group>";
		};
		246E2CE2269334C800C4F7C2 /* View */ = {
			isa = PBXGroup;
			children = (
				246E2CD12692CB5400C4F7C2 /* BookTableViewCell.xib */,
				246E2CE526933FB900C4F7C2 /* LibraryTableViewCell.xib */,
			);
			path = View;
			sourceTree = "<group>";
		};
		246E2CE3269334CD00C4F7C2 /* Controller */ = {
			isa = PBXGroup;
			children = (
				246E2CCE2692C49200C4F7C2 /* CustomSegmentedControl.swift */,
				246E2CBE2692C44700C4F7C2 /* ViewController.swift */,
				246E2CE82693539D00C4F7C2 /* EachLibraryViewController.swift */,
				246E2CF226945A2700C4F7C2 /* ContentViewController.swift */,
				2437FFDF26960BC6004EFBF6 /* SearchViewController.swift */,
				246E2CD62692F44300C4F7C2 /* ReadingBooksView.swift */,
				246E2CD82692F45700C4F7C2 /* LibraryView.swift */,
				2437FFE52696BA8C004EFBF6 /* CustomView.swift */,
				246E2CDA2692F46100C4F7C2 /* AllBooksView.swift */,
				246E2CEA2693546000C4F7C2 /* EachLibraryView.swift */,
				246E2CD02692CB5400C4F7C2 /* BookTableViewCell.swift */,
				246E2CE426933FB900C4F7C2 /* LibraryTableViewCell.swift */,
			);
			path = Controller;
			sourceTree = "<group>";
		};
/* End PBXGroup section */

/* Begin PBXNativeTarget section */
		246E2CB62692C44700C4F7C2 /* E-book */ = {
			isa = PBXNativeTarget;
			buildConfigurationList = 246E2CCB2692C44800C4F7C2 /* Build configuration list for PBXNativeTarget "E-book" */;
			buildPhases = (
				246E2CB32692C44700C4F7C2 /* Sources */,
				246E2CB42692C44700C4F7C2 /* Frameworks */,
				246E2CB52692C44700C4F7C2 /* Resources */,
			);
			buildRules = (
			);
			dependencies = (
			);
			name = "E-book";
			productName = "E-book";
			productReference = 246E2CB72692C44700C4F7C2 /* E-book.app */;
			productType = "com.apple.product-type.application";
		};
/* End PBXNativeTarget section */

/* Begin PBXProject section */
		246E2CAF2692C44700C4F7C2 /* Project object */ = {
			isa = PBXProject;
			attributes = {
				LastSwiftUpdateCheck = 1250;
				LastUpgradeCheck = 1250;
				TargetAttributes = {
					246E2CB62692C44700C4F7C2 = {
						CreatedOnToolsVersion = 12.5;
					};
				};
			};
			buildConfigurationList = 246E2CB22692C44700C4F7C2 /* Build configuration list for PBXProject "E-book" */;
			compatibilityVersion = "Xcode 9.3";
			developmentRegion = en;
			hasScannedForEncodings = 0;
			knownRegions = (
				en,
				Base,
			);
			mainGroup = 246E2CAE2692C44700C4F7C2;
			productRefGroup = 246E2CB82692C44700C4F7C2 /* Products */;
			projectDirPath = "";
			projectRoot = "";
			targets = (
				246E2CB62692C44700C4F7C2 /* E-book */,
			);
		};
/* End PBXProject section */

/* Begin PBXResourcesBuildPhase section */
		246E2CB52692C44700C4F7C2 /* Resources */ = {
			isa = PBXResourcesBuildPhase;
			buildActionMask = 2147483647;
			files = (
				246E2CD32692CB5400C4F7C2 /* BookTableViewCell.xib in Resources */,
				246E2CC72692C44800C4F7C2 /* LaunchScreen.storyboard in Resources */,
				246E2CE726933FB900C4F7C2 /* LibraryTableViewCell.xib in Resources */,
				246E2CC42692C44800C4F7C2 /* Assets.xcassets in Resources */,
				246E2CC22692C44700C4F7C2 /* Main.storyboard in Resources */,
				2437FFE42696B8E7004EFBF6 /* CustomView.xib in Resources */,
			);
			runOnlyForDeploymentPostprocessing = 0;
		};
/* End PBXResourcesBuildPhase section */

/* Begin PBXSourcesBuildPhase section */
		246E2CB32692C44700C4F7C2 /* Sources */ = {
			isa = PBXSourcesBuildPhase;
			buildActionMask = 2147483647;
			files = (
				2437FFE62696BA8C004EFBF6 /* CustomView.swift in Sources */,
				246E2CCF2692C49200C4F7C2 /* CustomSegmentedControl.swift in Sources */,
				246E2CEB2693546000C4F7C2 /* EachLibraryView.swift in Sources */,
				246E2CE92693539D00C4F7C2 /* EachLibraryViewController.swift in Sources */,
				246E2CBF2692C44700C4F7C2 /* ViewController.swift in Sources */,
				246E2CDB2692F46100C4F7C2 /* AllBooksView.swift in Sources */,
				246E2CF326945A2700C4F7C2 /* ContentViewController.swift in Sources */,
				246E2CD52692D9E000C4F7C2 /* Book.swift in Sources */,
				246E2CBB2692C44700C4F7C2 /* AppDelegate.swift in Sources */,
				2437FFE026960BC6004EFBF6 /* SearchViewController.swift in Sources */,
				246E2CD92692F45700C4F7C2 /* LibraryView.swift in Sources */,
				246E2CD22692CB5400C4F7C2 /* BookTableViewCell.swift in Sources */,
				246E2CE626933FB900C4F7C2 /* LibraryTableViewCell.swift in Sources */,
				246E2CD72692F44300C4F7C2 /* ReadingBooksView.swift in Sources */,
				246E2CBD2692C44700C4F7C2 /* SceneDelegate.swift in Sources */,
			);
			runOnlyForDeploymentPostprocessing = 0;
		};
/* End PBXSourcesBuildPhase section */

/* Begin PBXVariantGroup section */
		246E2CC02692C44700C4F7C2 /* Main.storyboard */ = {
			isa = PBXVariantGroup;
			children = (
				246E2CC12692C44700C4F7C2 /* Base */,
			);
			name = Main.storyboard;
			sourceTree = "<group>";
		};
		246E2CC52692C44800C4F7C2 /* LaunchScreen.storyboard */ = {
			isa = PBXVariantGroup;
			children = (
				246E2CC62692C44800C4F7C2 /* Base */,
			);
			name = LaunchScreen.storyboard;
			sourceTree = "<group>";
		};
/* End PBXVariantGroup section */

/* Begin XCBuildConfiguration section */
		246E2CC92692C44800C4F7C2 /* Debug */ = {
			isa = XCBuildConfiguration;
			buildSettings = {
				ALWAYS_SEARCH_USER_PATHS = NO;
				CLANG_ANALYZER_NONNULL = YES;
				CLANG_ANALYZER_NUMBER_OBJECT_CONVERSION = YES_AGGRESSIVE;
				CLANG_CXX_LANGUAGE_STANDARD = "gnu++14";
				CLANG_CXX_LIBRARY = "libc++";
				CLANG_ENABLE_MODULES = YES;
				CLANG_ENABLE_OBJC_ARC = YES;
				CLANG_ENABLE_OBJC_WEAK = YES;
				CLANG_WARN_BLOCK_CAPTURE_AUTORELEASING = YES;
				CLANG_WARN_BOOL_CONVERSION = YES;
				CLANG_WARN_COMMA = YES;
				CLANG_WARN_CONSTANT_CONVERSION = YES;
				CLANG_WARN_DEPRECATED_OBJC_IMPLEMENTATIONS = YES;
				CLANG_WARN_DIRECT_OBJC_ISA_USAGE = YES_ERROR;
				CLANG_WARN_DOCUMENTATION_COMMENTS = YES;
				CLANG_WARN_EMPTY_BODY = YES;
				CLANG_WARN_ENUM_CONVERSION = YES;
				CLANG_WARN_INFINITE_RECURSION = YES;
				CLANG_WARN_INT_CONVERSION = YES;
				CLANG_WARN_NON_LITERAL_NULL_CONVERSION = YES;
				CLANG_WARN_OBJC_IMPLICIT_RETAIN_SELF = YES;
				CLANG_WARN_OBJC_LITERAL_CONVERSION = YES;
				CLANG_WARN_OBJC_ROOT_CLASS = YES_ERROR;
				CLANG_WARN_QUOTED_INCLUDE_IN_FRAMEWORK_HEADER = YES;
				CLANG_WARN_RANGE_LOOP_ANALYSIS = YES;
				CLANG_WARN_STRICT_PROTOTYPES = YES;
				CLANG_WARN_SUSPICIOUS_MOVE = YES;
				CLANG_WARN_UNGUARDED_AVAILABILITY = YES_AGGRESSIVE;
				CLANG_WARN_UNREACHABLE_CODE = YES;
				CLANG_WARN__DUPLICATE_METHOD_MATCH = YES;
				COPY_PHASE_STRIP = NO;
				DEBUG_INFORMATION_FORMAT = dwarf;
				ENABLE_STRICT_OBJC_MSGSEND = YES;
				ENABLE_TESTABILITY = YES;
				GCC_C_LANGUAGE_STANDARD = gnu11;
				GCC_DYNAMIC_NO_PIC = NO;
				GCC_NO_COMMON_BLOCKS = YES;
				GCC_OPTIMIZATION_LEVEL = 0;
				GCC_PREPROCESSOR_DEFINITIONS = (
					"DEBUG=1",
					"$(inherited)",
				);
				GCC_WARN_64_TO_32_BIT_CONVERSION = YES;
				GCC_WARN_ABOUT_RETURN_TYPE = YES_ERROR;
				GCC_WARN_UNDECLARED_SELECTOR = YES;
				GCC_WARN_UNINITIALIZED_AUTOS = YES_AGGRESSIVE;
				GCC_WARN_UNUSED_FUNCTION = YES;
				GCC_WARN_UNUSED_VARIABLE = YES;
				IPHONEOS_DEPLOYMENT_TARGET = 14.5;
				MTL_ENABLE_DEBUG_INFO = INCLUDE_SOURCE;
				MTL_FAST_MATH = YES;
				ONLY_ACTIVE_ARCH = YES;
				SDKROOT = iphoneos;
				SWIFT_ACTIVE_COMPILATION_CONDITIONS = DEBUG;
				SWIFT_OPTIMIZATION_LEVEL = "-Onone";
			};
			name = Debug;
		};
		246E2CCA2692C44800C4F7C2 /* Release */ = {
			isa = XCBuildConfiguration;
			buildSettings = {
				ALWAYS_SEARCH_USER_PATHS = NO;
				CLANG_ANALYZER_NONNULL = YES;
				CLANG_ANALYZER_NUMBER_OBJECT_CONVERSION = YES_AGGRESSIVE;
				CLANG_CXX_LANGUAGE_STANDARD = "gnu++14";
				CLANG_CXX_LIBRARY = "libc++";
				CLANG_ENABLE_MODULES = YES;
				CLANG_ENABLE_OBJC_ARC = YES;
				CLANG_ENABLE_OBJC_WEAK = YES;
				CLANG_WARN_BLOCK_CAPTURE_AUTORELEASING = YES;
				CLANG_WARN_BOOL_CONVERSION = YES;
				CLANG_WARN_COMMA = YES;
				CLANG_WARN_CONSTANT_CONVERSION = YES;
				CLANG_WARN_DEPRECATED_OBJC_IMPLEMENTATIONS = YES;
				CLANG_WARN_DIRECT_OBJC_ISA_USAGE = YES_ERROR;
				CLANG_WARN_DOCUMENTATION_COMMENTS = YES;
				CLANG_WARN_EMPTY_BODY = YES;
				CLANG_WARN_ENUM_CONVERSION = YES;
				CLANG_WARN_INFINITE_RECURSION = YES;
				CLANG_WARN_INT_CONVERSION = YES;
				CLANG_WARN_NON_LITERAL_NULL_CONVERSION = YES;
				CLANG_WARN_OBJC_IMPLICIT_RETAIN_SELF = YES;
				CLANG_WARN_OBJC_LITERAL_CONVERSION = YES;
				CLANG_WARN_OBJC_ROOT_CLASS = YES_ERROR;
				CLANG_WARN_QUOTED_INCLUDE_IN_FRAMEWORK_HEADER = YES;
				CLANG_WARN_RANGE_LOOP_ANALYSIS = YES;
				CLANG_WARN_STRICT_PROTOTYPES = YES;
				CLANG_WARN_SUSPICIOUS_MOVE = YES;
				CLANG_WARN_UNGUARDED_AVAILABILITY = YES_AGGRESSIVE;
				CLANG_WARN_UNREACHABLE_CODE = YES;
				CLANG_WARN__DUPLICATE_METHOD_MATCH = YES;
				COPY_PHASE_STRIP = NO;
				DEBUG_INFORMATION_FORMAT = "dwarf-with-dsym";
				ENABLE_NS_ASSERTIONS = NO;
				ENABLE_STRICT_OBJC_MSGSEND = YES;
				GCC_C_LANGUAGE_STANDARD = gnu11;
				GCC_NO_COMMON_BLOCKS = YES;
				GCC_WARN_64_TO_32_BIT_CONVERSION = YES;
				GCC_WARN_ABOUT_RETURN_TYPE = YES_ERROR;
				GCC_WARN_UNDECLARED_SELECTOR = YES;
				GCC_WARN_UNINITIALIZED_AUTOS = YES_AGGRESSIVE;
				GCC_WARN_UNUSED_FUNCTION = YES;
				GCC_WARN_UNUSED_VARIABLE = YES;
				IPHONEOS_DEPLOYMENT_TARGET = 14.5;
				MTL_ENABLE_DEBUG_INFO = NO;
				MTL_FAST_MATH = YES;
				SDKROOT = iphoneos;
				SWIFT_COMPILATION_MODE = wholemodule;
				SWIFT_OPTIMIZATION_LEVEL = "-O";
				VALIDATE_PRODUCT = YES;
			};
			name = Release;
		};
		246E2CCC2692C44800C4F7C2 /* Debug */ = {
			isa = XCBuildConfiguration;
			buildSettings = {
				ASSETCATALOG_COMPILER_APPICON_NAME = AppIcon;
				ASSETCATALOG_COMPILER_GLOBAL_ACCENT_COLOR_NAME = AccentColor;
				CODE_SIGN_STYLE = Automatic;
				INFOPLIST_FILE = "E-book/Common/Info.plist";
				LD_RUNPATH_SEARCH_PATHS = (
					"$(inherited)",
					"@executable_path/Frameworks",
				);
				PRODUCT_BUNDLE_IDENTIFIER = "com.minseong.E-book";
				PRODUCT_NAME = "$(TARGET_NAME)";
				SWIFT_VERSION = 5.0;
				TARGETED_DEVICE_FAMILY = "1,2";
			};
			name = Debug;
		};
		246E2CCD2692C44800C4F7C2 /* Release */ = {
			isa = XCBuildConfiguration;
			buildSettings = {
				ASSETCATALOG_COMPILER_APPICON_NAME = AppIcon;
				ASSETCATALOG_COMPILER_GLOBAL_ACCENT_COLOR_NAME = AccentColor;
				CODE_SIGN_STYLE = Automatic;
				INFOPLIST_FILE = "E-book/Common/Info.plist";
				LD_RUNPATH_SEARCH_PATHS = (
					"$(inherited)",
					"@executable_path/Frameworks",
				);
				PRODUCT_BUNDLE_IDENTIFIER = "com.minseong.E-book";
				PRODUCT_NAME = "$(TARGET_NAME)";
				SWIFT_VERSION = 5.0;
				TARGETED_DEVICE_FAMILY = "1,2";
			};
			name = Release;
		};
/* End XCBuildConfiguration section */

/* Begin XCConfigurationList section */
		246E2CB22692C44700C4F7C2 /* Build configuration list for PBXProject "E-book" */ = {
			isa = XCConfigurationList;
			buildConfigurations = (
				246E2CC92692C44800C4F7C2 /* Debug */,
				246E2CCA2692C44800C4F7C2 /* Release */,
			);
			defaultConfigurationIsVisible = 0;
			defaultConfigurationName = Release;
		};
		246E2CCB2692C44800C4F7C2 /* Build configuration list for PBXNativeTarget "E-book" */ = {
			isa = XCConfigurationList;
			buildConfigurations = (
				246E2CCC2692C44800C4F7C2 /* Debug */,
				246E2CCD2692C44800C4F7C2 /* Release */,
			);
			defaultConfigurationIsVisible = 0;
			defaultConfigurationName = Release;
		};
/* End XCConfigurationList section */
	};
	rootObject = 246E2CAF2692C44700C4F7C2 /* Project object */;
}
